
Microsoft Visual Studio Solution File, Format Version 12.00
Project("{FAE04EC0-301F-11D3-BF4B-00C04F79EFBC}") = "MassEmailSender", "MassEmailSender\MassEmailSender.csproj", "{C39F16B0-6286-4EF2-B04D-4BF46BD6E10E}"
EndProject
Global
	GlobalSection(SolutionConfigurationPlatforms) = preSolution
		Debug|Any CPU = Debug|Any CPU
		Release|Any CPU = Release|Any CPU
	EndGlobalSection
	GlobalSection(ProjectConfigurationPlatforms) = postSolution
		{C39F16B0-6286-4EF2-B04D-4BF46BD6E10E}.Debug|Any CPU.ActiveCfg = Debug|Any CPU
		{C39F16B0-6286-4EF2-B04D-4BF46BD6E10E}.Debug|Any CPU.Build.0 = Debug|Any CPU
		{C39F16B0-6286-4EF2-B04D-4BF46BD6E10E}.Release|Any CPU.ActiveCfg = Release|Any CPU
		{C39F16B0-6286-4EF2-B04D-4BF46BD6E10E}.Release|Any CPU.Build.0 = Release|Any CPU
	EndGlobalSection
EndGlobal
